# This file was autogenerated by Stack.
# You should not edit this file by hand.
# For more information, please see the documentation at:
#   https://docs.haskellstack.org/en/stable/lock_files

packages:
- completed:
    hackage: xmonad-0.17.2@sha256:083f43183bdc5dbb70f65cbd287f95c8199c0ed01f524a41747f645843734829,5385
    pantry-tree:
      sha256: 58777df300c413744fa265f6b7216c2ded1652b65b3062e40ff429f07c8e062f
      size: 2486
  original:
    hackage: xmonad-0.17.2
- completed:
    hackage: xmonad-contrib-0.17.1@sha256:df50cc15569c0bb4bc79cd031f7283f20760ae453887785f4689ab09ecb28935,21951
    pantry-tree:
      sha256: e5c991ae33c3a09cf40d09cc18ebf42dd6b0992fd5d6acca94650926f7984377
      size: 22735
  original:
    hackage: xmonad-contrib-0.17.1
snapshots:
- completed:
    sha256: 60e54c1ba3c1e7163acf6dafa9d56b2d3b23f88a31ad53a1c9d888f32561f8da
    size: 639819
    url: https://raw.githubusercontent.com/commercialhaskell/stackage-snapshots/master/lts/21/14.yaml
  original: lts-21.14
