# This file was autogenerated by Stack.
# You should not edit this file by hand.
# For more information, please see the documentation at:
#   https://docs.haskellstack.org/en/stable/lock_files

packages:
- completed:
    hackage: xmonad-0.17.0@sha256:659869f38a7def075c6f3b120268af2e00fee11221a55d4f930268a97b4cbe0a,5734
    pantry-tree:
      sha256: 23ca7d7bba0773000f0da356131a010dd88582c8389c4cd5b8a78adb7a54ed47
      size: 2485
  original:
    hackage: xmonad-0.17.0
- completed:
    hackage: xmonad-contrib-0.17.0@sha256:71f4890e2ef35edea41057af5e4ce371e02570000d8b93efc07eae3427102e6f,20836
    pantry-tree:
      sha256: 94d0020187d6cb6c4d373afa13784dc58961e8d0d2c63cfc327d8f494a0ce910
      size: 21783
  original:
    hackage: xmonad-contrib-0.17.0
snapshots:
- completed:
    sha256: 17870c63f8041ac17a38096124abeb953cb14d84bfc96deb88f9b24daa97b347
    size: 649332
    url: https://raw.githubusercontent.com/commercialhaskell/stackage-snapshots/master/lts/20/10.yaml
  original: lts-20.10
